PODS:
  - Capacitor (6.2.1):
    - CapacitorCordova
  - CapacitorCordova (6.2.1)
  - CapacitorFirebaseMessaging (6.3.1):
    - Capacitor
    - FirebaseMessaging (~> 11.0)
  - CapacitorPushNotifications (6.0.4):
    - Capacitor
  - FirebaseCore (11.14.0):
    - FirebaseCoreInternal (~> 11.14.0)
    - GoogleUtilities/Environment (~> 8.1)
    - GoogleUtilities/Logger (~> 8.1)
  - FirebaseCoreInternal (11.14.0):
    - "GoogleUtilities/NSData+zlib (~> 8.1)"
  - FirebaseInstallations (11.14.0):
    - FirebaseCore (~> 11.14.0)
    - GoogleUtilities/Environment (~> 8.1)
    - GoogleUtilities/UserDefaults (~> 8.1)
    - PromisesObjC (~> 2.4)
  - FirebaseMessaging (11.14.0):
    - FirebaseCore (~> 11.14.0)
    - FirebaseInstallations (~> 11.0)
    - GoogleDataTransport (~> 10.0)
    - GoogleUtilities/AppDelegateSwizzler (~> 8.1)
    - GoogleUtilities/Environment (~> 8.1)
    - GoogleUtilities/Reachability (~> 8.1)
    - GoogleUtilities/UserDefaults (~> 8.1)
    - nanopb (~> 3.30910.0)
  - GoogleDataTransport (10.1.0):
    - nanopb (~> 3.30910.0)
    - PromisesObjC (~> 2.4)
  - GoogleUtilities/AppDelegateSwizzler (8.1.0):
    - GoogleUtilities/Environment
    - GoogleUtilities/Logger
    - GoogleUtilities/Network
    - GoogleUtilities/Privacy
  - GoogleUtilities/Environment (8.1.0):
    - GoogleUtilities/Privacy
  - GoogleUtilities/Logger (8.1.0):
    - GoogleUtilities/Environment
    - GoogleUtilities/Privacy
  - GoogleUtilities/Network (8.1.0):
    - GoogleUtilities/Logger
    - "GoogleUtilities/NSData+zlib"
    - GoogleUtilities/Privacy
    - GoogleUtilities/Reachability
  - "GoogleUtilities/NSData+zlib (8.1.0)":
    - GoogleUtilities/Privacy
  - GoogleUtilities/Privacy (8.1.0)
  - GoogleUtilities/Reachability (8.1.0):
    - GoogleUtilities/Logger
    - GoogleUtilities/Privacy
  - GoogleUtilities/UserDefaults (8.1.0):
    - GoogleUtilities/Logger
    - GoogleUtilities/Privacy
  - nanopb (3.30910.0):
    - nanopb/decode (= 3.30910.0)
    - nanopb/encode (= 3.30910.0)
  - nanopb/decode (3.30910.0)
  - nanopb/encode (3.30910.0)
  - PromisesObjC (2.4.0)

DEPENDENCIES:
  - "Capacitor (from `../../node_modules/@capacitor/ios`)"
  - "CapacitorCordova (from `../../node_modules/@capacitor/ios`)"
  - "CapacitorFirebaseMessaging (from `../../node_modules/@capacitor-firebase/messaging`)"
  - "CapacitorPushNotifications (from `../../node_modules/@capacitor/push-notifications`)"

SPEC REPOS:
  trunk:
    - FirebaseCore
    - FirebaseCoreInternal
    - FirebaseInstallations
    - FirebaseMessaging
    - GoogleDataTransport
    - GoogleUtilities
    - nanopb
    - PromisesObjC

EXTERNAL SOURCES:
  Capacitor:
    :path: "../../node_modules/@capacitor/ios"
  CapacitorCordova:
    :path: "../../node_modules/@capacitor/ios"
  CapacitorFirebaseMessaging:
    :path: "../../node_modules/@capacitor-firebase/messaging"
  CapacitorPushNotifications:
    :path: "../../node_modules/@capacitor/push-notifications"

SPEC CHECKSUMS:
  Capacitor: 1e0d0e7330dea9f983b50da737d8918abcf273f8
  CapacitorCordova: 8d93e14982f440181be7304aa9559ca631d77fff
  CapacitorFirebaseMessaging: 3b4ff762b42ad3137c911a96ec06bf8bfd6fb122
  CapacitorPushNotifications: 1fc22ae360214a0ac0625c348d3aea217085163d
  FirebaseCore: 8fb12caed934c900218ce66a419107db74214ade
  FirebaseCoreInternal: 6a3b668197644aa858fc4127578637c6767ba123
  FirebaseInstallations: 863f2846bb124331b501d29c0f17f95caa2ef6bb
  FirebaseMessaging: 61404edd221eaa09f9a733ce0fc9885f286705fe
  GoogleDataTransport: aae35b7ea0c09004c3797d53c8c41f66f219d6a7
  GoogleUtilities: 00c88b9a86066ef77f0da2fab05f65d7768ed8e1
  nanopb: fad817b59e0457d11a5dfbde799381cd727c1275
  PromisesObjC: f5707f49cb48b9636751c5b2e7d227e43fba9f47

PODFILE CHECKSUM: 257890d53b50e1e222218c269285280d0aceda78

COCOAPODS: 1.15.2
